{
  "name": "Social-Media-App",
  "lockfileVersion": 3,
  "requires": true,
  "packages": {
    "": {
      "dependencies": {
        "is-disposable-email": "^0.0.1",
        "is-email": "^1.0.2"
      }
    },
    "node_modules/disposable-email-domains": {
      "version": "1.0.62",
      "resolved": "https://registry.npmjs.org/disposable-email-domains/-/disposable-email-domains-1.0.62.tgz",
      "integrity": "sha512-LBQvhRw7mznQTPoyZbsmYeNOZt1pN5aCsx4BAU/3siVFuiM9f2oyKzUaB8v1jbxFjE3aYqYiMo63kAL4pHgfWQ=="
    },
    "node_modules/is-disposable-email": {
      "version": "0.0.1",
      "resolved": "https://registry.npmjs.org/is-disposable-email/-/is-disposable-email-0.0.1.tgz",
      "integrity": "sha512-ILGg/JuCf/ZGhh9MusJ52a0qojTEhOOyXgDNIQReSJjWzKilRVVPJa/dtpBL4bDRGXmAblX5zbPYb7ppQaeeCA==",
      "dependencies": {
        "disposable-email-domains": "*"
      }
    },
    "node_modules/is-email": {
      "version": "1.0.2",
      "resolved": "https://registry.npmjs.org/is-email/-/is-email-1.0.2.tgz",
      "integrity": "sha512-UojUgD2EhDTBQ2SGKwrK9edce5phRzgLsP+V5+Uu2Swi+uvjVXgH3zduM3HhT9iaC/9Kq19/TYUbP0jPoi6ioA=="
    }
  }
}
